
Microsoft Visual Studio Solution File, Format Version 12.00
# Visual Studio Version 17
VisualStudioVersion = 17.1.32407.343
MinimumVisualStudioVersion = 10.0.40219.1
Project("{FAE04EC0-301F-11D3-BF4B-00C04F79EFBC}") = "RoleGrant", "WindowsFormsApp2\RoleGrant.csproj", "{C022A6C1-CDCC-4AF0-93F4-C71CBE662EC8}"
EndProject
Global
	GlobalSection(SolutionConfigurationPlatforms) = preSolution
		Debug|Any CPU = Debug|Any CPU
		Release|Any CPU = Release|Any CPU
	EndGlobalSection
	GlobalSection(ProjectConfigurationPlatforms) = postSolution
		{C022A6C1-CDCC-4AF0-93F4-C71CBE662EC8}.Debug|Any CPU.ActiveCfg = Debug|Any CPU
		{C022A6C1-CDCC-4AF0-93F4-C71CBE662EC8}.Debug|Any CPU.Build.0 = Debug|Any CPU
		{C022A6C1-CDCC-4AF0-93F4-C71CBE662EC8}.Release|Any CPU.ActiveCfg = Release|Any CPU
		{C022A6C1-CDCC-4AF0-93F4-C71CBE662EC8}.Release|Any CPU.Build.0 = Release|Any CPU
	EndGlobalSection
	GlobalSection(SolutionProperties) = preSolution
		HideSolutionNode = FALSE
	EndGlobalSection
	GlobalSection(ExtensibilityGlobals) = postSolution
		SolutionGuid = {732EA1C3-BB88-498A-A9D7-662C846C9894}
	EndGlobalSection
EndGlobal
